
Microsoft Visual Studio Solution File, Format Version 12.00
# Visual Studio 2012
Project("{FAE04EC0-301F-11D3-BF4B-00C04F79EFBC}") = "Angular4DotNet", "Angular4DotNet\Angular4DotNet.csproj", "{CAFDCC38-58AC-4F66-8854-DEC16C4A1C30}"
EndProject
Global
	GlobalSection(SolutionConfigurationPlatforms) = preSolution
		Debug|Any CPU = Debug|Any CPU
		Release|Any CPU = Release|Any CPU
	EndGlobalSection
	GlobalSection(ProjectConfigurationPlatforms) = postSolution
		{CAFDCC38-58AC-4F66-8854-DEC16C4A1C30}.Debug|Any CPU.ActiveCfg = Debug|Any CPU
		{CAFDCC38-58AC-4F66-8854-DEC16C4A1C30}.Debug|Any CPU.Build.0 = Debug|Any CPU
		{CAFDCC38-58AC-4F66-8854-DEC16C4A1C30}.Release|Any CPU.ActiveCfg = Release|Any CPU
		{CAFDCC38-58AC-4F66-8854-DEC16C4A1C30}.Release|Any CPU.Build.0 = Release|Any CPU
	EndGlobalSection
	GlobalSection(SolutionProperties) = preSolution
		HideSolutionNode = FALSE
	EndGlobalSection
EndGlobal
